
Microsoft Visual Studio Solution File, Format Version 12.00
Project("{FAE04EC0-301F-11D3-BF4B-00C04F79EFBC}") = "AP2_AspNetMvc", "AP2_AspNetMvc.csproj", "{560E0BE5-5234-4CAF-A01A-C7914C5B1FA0}"
EndProject
Project("{FAE04EC0-301F-11D3-BF4B-00C04F79EFBC}") = "UnitTest", "UnitTest\UnitTest.csproj", "{25CACC58-ADF7-4B25-ABFF-5579A83A70FB}"
EndProject
Global
	GlobalSection(SolutionConfigurationPlatforms) = preSolution
		Debug|Any CPU = Debug|Any CPU
		Release|Any CPU = Release|Any CPU
	EndGlobalSection
	GlobalSection(ProjectConfigurationPlatforms) = postSolution
		{560E0BE5-5234-4CAF-A01A-C7914C5B1FA0}.Debug|Any CPU.ActiveCfg = Debug|Any CPU
		{560E0BE5-5234-4CAF-A01A-C7914C5B1FA0}.Debug|Any CPU.Build.0 = Debug|Any CPU
		{560E0BE5-5234-4CAF-A01A-C7914C5B1FA0}.Release|Any CPU.ActiveCfg = Release|Any CPU
		{560E0BE5-5234-4CAF-A01A-C7914C5B1FA0}.Release|Any CPU.Build.0 = Release|Any CPU
		{25CACC58-ADF7-4B25-ABFF-5579A83A70FB}.Debug|Any CPU.ActiveCfg = Debug|Any CPU
		{25CACC58-ADF7-4B25-ABFF-5579A83A70FB}.Debug|Any CPU.Build.0 = Debug|Any CPU
		{25CACC58-ADF7-4B25-ABFF-5579A83A70FB}.Release|Any CPU.ActiveCfg = Release|Any CPU
		{25CACC58-ADF7-4B25-ABFF-5579A83A70FB}.Release|Any CPU.Build.0 = Release|Any CPU
	EndGlobalSection
EndGlobal
